// !$*UTF8*$!
{
	archiveVersion = 1;
	classes = {
	};
	objectVersion = 77;
	objects = {

/* Begin PBXBuildFile section */
		0D4037ECBC4A17A7E1409615 /* HotkeyManager.swift in Sources */ = {isa = PBXBuildFile; fileRef = 16698FE0E700CF3412F584D1 /* HotkeyManager.swift */; };
		19A1089A07639F799C9EACC5 /* OnboardingView.swift in Sources */ = {isa = PBXBuildFile; fileRef = 128F53A222393333FEEABD70 /* OnboardingView.swift */; };
		1B3DAF7B369E410071428638 /* AppState.swift in Sources */ = {isa = PBXBuildFile; fileRef = 32F01D78306B3B1DE4E62905 /* AppState.swift */; };
		2BB4EFD172C685FC59A0BACA /* SettingsView.swift in Sources */ = {isa = PBXBuildFile; fileRef = C9B9F15CBE191B1A470540A1 /* SettingsView.swift */; };
		2C9F9D9C5803104B5DE04552 /* ContextReader.swift in Sources */ = {isa = PBXBuildFile; fileRef = 6E2ACF1706A5EFACE258C08F /* ContextReader.swift */; };
		46BEFFB60AEA551FB9C70E36 /* VADProcessor.swift in Sources */ = {isa = PBXBuildFile; fileRef = 32EBAEE9CA08A3428B7A10A4 /* VADProcessor.swift */; };
		68DE07DE3DF94E772C74EBCE /* ModelManager.swift in Sources */ = {isa = PBXBuildFile; fileRef = 455BC0DBEF090568489C254B /* ModelManager.swift */; };
		7F03EE9001165C3E5DED6A4D /* AppDelegate.swift in Sources */ = {isa = PBXBuildFile; fileRef = 141879F7E0FE120A2EDBFBCB /* AppDelegate.swift */; };
		8CA071FF0714F273DCDD205A /* TranscriptionEngine.swift in Sources */ = {isa = PBXBuildFile; fileRef = 073882B1B0A77F7EF187F2CB /* TranscriptionEngine.swift */; };
		9DF08D6DF6FBEBCDE16DFFFD /* MenuBarView.swift in Sources */ = {isa = PBXBuildFile; fileRef = 82BE81ED146BEE3E3A1FCEF0 /* MenuBarView.swift */; };
		9E0418E9A0BEFEF8F451EE2E /* FlowPipeline.swift in Sources */ = {isa = PBXBuildFile; fileRef = 9072CB7944227C50E1F14A18 /* FlowPipeline.swift */; };
		ABFDD8AE58512915CB0C25F6 /* FloatingPillView.swift in Sources */ = {isa = PBXBuildFile; fileRef = 5E48721CD712E5F536CD3398 /* FloatingPillView.swift */; };
		AF7B374FF0B763C535E0965F /* WhisperKit in Frameworks */ = {isa = PBXBuildFile; productRef = 4B5CC41B9F7B732B1B6F9EB7 /* WhisperKit */; };
		BFD6C677496134F02D0EC17A /* AudioRecorder.swift in Sources */ = {isa = PBXBuildFile; fileRef = D50A42FC20E37F1B5D16F817 /* AudioRecorder.swift */; };
		C1E9ECAF29A82F7C785A2A6A /* TextInjector.swift in Sources */ = {isa = PBXBuildFile; fileRef = 57EED94F2EBD8438F42110EE /* TextInjector.swift */; };
		DAECA3944084A0F0AFFC29F7 /* OpenFlowApp.swift in Sources */ = {isa = PBXBuildFile; fileRef = 8C216F4685ED43326134BC17 /* OpenFlowApp.swift */; };
		E55863343145D4804775F858 /* PermissionsManager.swift in Sources */ = {isa = PBXBuildFile; fileRef = A5D8BD8242B7279665FDC075 /* PermissionsManager.swift */; };
/* End PBXBuildFile section */

/* Begin PBXFileReference section */
		073882B1B0A77F7EF187F2CB /* TranscriptionEngine.swift */ = {isa = PBXFileReference; lastKnownFileType = sourcecode.swift; path = TranscriptionEngine.swift; sourceTree = "<group>"; };
		128F53A222393333FEEABD70 /* OnboardingView.swift */ = {isa = PBXFileReference; lastKnownFileType = sourcecode.swift; path = OnboardingView.swift; sourceTree = "<group>"; };
		141879F7E0FE120A2EDBFBCB /* AppDelegate.swift */ = {isa = PBXFileReference; lastKnownFileType = sourcecode.swift; path = AppDelegate.swift; sourceTree = "<group>"; };
		16698FE0E700CF3412F584D1 /* HotkeyManager.swift */ = {isa = PBXFileReference; lastKnownFileType = sourcecode.swift; path = HotkeyManager.swift; sourceTree = "<group>"; };
		32EBAEE9CA08A3428B7A10A4 /* VADProcessor.swift */ = {isa = PBXFileReference; lastKnownFileType = sourcecode.swift; path = VADProcessor.swift; sourceTree = "<group>"; };
		32F01D78306B3B1DE4E62905 /* AppState.swift */ = {isa = PBXFileReference; lastKnownFileType = sourcecode.swift; path = AppState.swift; sourceTree = "<group>"; };
		3C98A9912C900B827A70525B /* OpenFlow.app */ = {isa = PBXFileReference; explicitFileType = wrapper.application; includeInIndex = 0; path = OpenFlow.app; sourceTree = BUILT_PRODUCTS_DIR; };
		455BC0DBEF090568489C254B /* ModelManager.swift */ = {isa = PBXFileReference; lastKnownFileType = sourcecode.swift; path = ModelManager.swift; sourceTree = "<group>"; };
		57EED94F2EBD8438F42110EE /* TextInjector.swift */ = {isa = PBXFileReference; lastKnownFileType = sourcecode.swift; path = TextInjector.swift; sourceTree = "<group>"; };
		5E48721CD712E5F536CD3398 /* FloatingPillView.swift */ = {isa = PBXFileReference; lastKnownFileType = sourcecode.swift; path = FloatingPillView.swift; sourceTree = "<group>"; };
		6AF766D9BBC8DDDDD0B6F4FF /* Info.plist */ = {isa = PBXFileReference; lastKnownFileType = text.plist; path = Info.plist; sourceTree = "<group>"; };
		6E2ACF1706A5EFACE258C08F /* ContextReader.swift */ = {isa = PBXFileReference; lastKnownFileType = sourcecode.swift; path = ContextReader.swift; sourceTree = "<group>"; };
		82BE81ED146BEE3E3A1FCEF0 /* MenuBarView.swift */ = {isa = PBXFileReference; lastKnownFileType = sourcecode.swift; path = MenuBarView.swift; sourceTree = "<group>"; };
		8C216F4685ED43326134BC17 /* OpenFlowApp.swift */ = {isa = PBXFileReference; lastKnownFileType = sourcecode.swift; path = OpenFlowApp.swift; sourceTree = "<group>"; };
		9072CB7944227C50E1F14A18 /* FlowPipeline.swift */ = {isa = PBXFileReference; lastKnownFileType = sourcecode.swift; path = FlowPipeline.swift; sourceTree = "<group>"; };
		A5D8BD8242B7279665FDC075 /* PermissionsManager.swift */ = {isa = PBXFileReference; lastKnownFileType = sourcecode.swift; path = PermissionsManager.swift; sourceTree = "<group>"; };
		C9B9F15CBE191B1A470540A1 /* SettingsView.swift */ = {isa = PBXFileReference; lastKnownFileType = sourcecode.swift; path = SettingsView.swift; sourceTree = "<group>"; };
		D50A42FC20E37F1B5D16F817 /* AudioRecorder.swift */ = {isa = PBXFileReference; lastKnownFileType = sourcecode.swift; path = AudioRecorder.swift; sourceTree = "<group>"; };
		DD23241CC3362389725DD4AC /* OpenFlow.entitlements */ = {isa = PBXFileReference; lastKnownFileType = text.plist.entitlements; path = OpenFlow.entitlements; sourceTree = "<group>"; };
/* End PBXFileReference section */

/* Begin PBXFrameworksBuildPhase section */
		4A5EF6ECC56ABF134ACFBAE6 /* Frameworks */ = {
			isa = PBXFrameworksBuildPhase;
			buildActionMask = 2147483647;
			files = (
				AF7B374FF0B763C535E0965F /* WhisperKit in Frameworks */,
			);
			runOnlyForDeploymentPostprocessing = 0;
		};
/* End PBXFrameworksBuildPhase section */

/* Begin PBXGroup section */
		1E6C40AED2005AC12C4E9D18 /* Output */ = {
			isa = PBXGroup;
			children = (
				6E2ACF1706A5EFACE258C08F /* ContextReader.swift */,
				57EED94F2EBD8438F42110EE /* TextInjector.swift */,
			);
			path = Output;
			sourceTree = "<group>";
		};
		262F9F73BE590BF00927C90D /* Products */ = {
			isa = PBXGroup;
			children = (
				3C98A9912C900B827A70525B /* OpenFlow.app */,
			);
			name = Products;
			sourceTree = "<group>";
		};
		46C24B722B981666C9CCD9B2 = {
			isa = PBXGroup;
			children = (
				5D389FE8BCB1A44149295D52 /* OpenFlow */,
				262F9F73BE590BF00927C90D /* Products */,
			);
			sourceTree = "<group>";
		};
		5D389FE8BCB1A44149295D52 /* OpenFlow */ = {
			isa = PBXGroup;
			children = (
				6AF766D9BBC8DDDDD0B6F4FF /* Info.plist */,
				DD23241CC3362389725DD4AC /* OpenFlow.entitlements */,
				C1A9EF8C702CC896BFD8BABE /* App */,
				B6657E8B86198E94DE952033 /* Input */,
				9D68179E2C53C516FE139D07 /* ML */,
				1E6C40AED2005AC12C4E9D18 /* Output */,
				94524EAC47538D95B3142689 /* Services */,
				C7252C4ABD1CA7C2888CAFD6 /* UI */,
				B1EAB66A1795FCC370729BA3 /* Utilities */,
			);
			path = OpenFlow;
			sourceTree = "<group>";
		};
		94524EAC47538D95B3142689 /* Services */ = {
			isa = PBXGroup;
			children = (
				9072CB7944227C50E1F14A18 /* FlowPipeline.swift */,
				A5D8BD8242B7279665FDC075 /* PermissionsManager.swift */,
			);
			path = Services;
			sourceTree = "<group>";
		};
		9D68179E2C53C516FE139D07 /* ML */ = {
			isa = PBXGroup;
			children = (
				455BC0DBEF090568489C254B /* ModelManager.swift */,
				073882B1B0A77F7EF187F2CB /* TranscriptionEngine.swift */,
			);
			path = ML;
			sourceTree = "<group>";
		};
		B1EAB66A1795FCC370729BA3 /* Utilities */ = {
			isa = PBXGroup;
			children = (
			);
			path = Utilities;
			sourceTree = "<group>";
		};
		B6657E8B86198E94DE952033 /* Input */ = {
			isa = PBXGroup;
			children = (
				D50A42FC20E37F1B5D16F817 /* AudioRecorder.swift */,
				16698FE0E700CF3412F584D1 /* HotkeyManager.swift */,
				32EBAEE9CA08A3428B7A10A4 /* VADProcessor.swift */,
			);
			path = Input;
			sourceTree = "<group>";
		};
		C1A9EF8C702CC896BFD8BABE /* App */ = {
			isa = PBXGroup;
			children = (
				141879F7E0FE120A2EDBFBCB /* AppDelegate.swift */,
				32F01D78306B3B1DE4E62905 /* AppState.swift */,
				8C216F4685ED43326134BC17 /* OpenFlowApp.swift */,
			);
			path = App;
			sourceTree = "<group>";
		};
		C7252C4ABD1CA7C2888CAFD6 /* UI */ = {
			isa = PBXGroup;
			children = (
				5E48721CD712E5F536CD3398 /* FloatingPillView.swift */,
				82BE81ED146BEE3E3A1FCEF0 /* MenuBarView.swift */,
				128F53A222393333FEEABD70 /* OnboardingView.swift */,
				C9B9F15CBE191B1A470540A1 /* SettingsView.swift */,
			);
			path = UI;
			sourceTree = "<group>";
		};
/* End PBXGroup section */

/* Begin PBXNativeTarget section */
		DBE3E26DF40FAC5974189496 /* OpenFlow */ = {
			isa = PBXNativeTarget;
			buildConfigurationList = 9B1423A7C6FA498F7DBB1104 /* Build configuration list for PBXNativeTarget "OpenFlow" */;
			buildPhases = (
				AC7D5586EC782E9617563944 /* Sources */,
				4A5EF6ECC56ABF134ACFBAE6 /* Frameworks */,
			);
			buildRules = (
			);
			dependencies = (
			);
			name = OpenFlow;
			packageProductDependencies = (
				4B5CC41B9F7B732B1B6F9EB7 /* WhisperKit */,
			);
			productName = OpenFlow;
			productReference = 3C98A9912C900B827A70525B /* OpenFlow.app */;
			productType = "com.apple.product-type.application";
		};
/* End PBXNativeTarget section */

/* Begin PBXProject section */
		87FC373B88D5B2CA510C9BF5 /* Project object */ = {
			isa = PBXProject;
			attributes = {
				BuildIndependentTargetsInParallel = YES;
				LastUpgradeCheck = 1600;
				TargetAttributes = {
				};
			};
			buildConfigurationList = 7E4DD48FFFE0A55A01AE9D29 /* Build configuration list for PBXProject "OpenFlow" */;
			developmentRegion = en;
			hasScannedForEncodings = 0;
			knownRegions = (
				Base,
				en,
			);
			mainGroup = 46C24B722B981666C9CCD9B2;
			minimizedProjectReferenceProxies = 1;
			packageReferences = (
				589F3156C4F8AD7C7268C40E /* XCRemoteSwiftPackageReference "WhisperKit" */,
			);
			preferredProjectObjectVersion = 77;
			productRefGroup = 262F9F73BE590BF00927C90D /* Products */;
			projectDirPath = "";
			projectRoot = "";
			targets = (
				DBE3E26DF40FAC5974189496 /* OpenFlow */,
			);
		};
/* End PBXProject section */

/* Begin PBXSourcesBuildPhase section */
		AC7D5586EC782E9617563944 /* Sources */ = {
			isa = PBXSourcesBuildPhase;
			buildActionMask = 2147483647;
			files = (
				7F03EE9001165C3E5DED6A4D /* AppDelegate.swift in Sources */,
				1B3DAF7B369E410071428638 /* AppState.swift in Sources */,
				BFD6C677496134F02D0EC17A /* AudioRecorder.swift in Sources */,
				2C9F9D9C5803104B5DE04552 /* ContextReader.swift in Sources */,
				ABFDD8AE58512915CB0C25F6 /* FloatingPillView.swift in Sources */,
				9E0418E9A0BEFEF8F451EE2E /* FlowPipeline.swift in Sources */,
				0D4037ECBC4A17A7E1409615 /* HotkeyManager.swift in Sources */,
				9DF08D6DF6FBEBCDE16DFFFD /* MenuBarView.swift in Sources */,
				68DE07DE3DF94E772C74EBCE /* ModelManager.swift in Sources */,
				19A1089A07639F799C9EACC5 /* OnboardingView.swift in Sources */,
				DAECA3944084A0F0AFFC29F7 /* OpenFlowApp.swift in Sources */,
				E55863343145D4804775F858 /* PermissionsManager.swift in Sources */,
				2BB4EFD172C685FC59A0BACA /* SettingsView.swift in Sources */,
				C1E9ECAF29A82F7C785A2A6A /* TextInjector.swift in Sources */,
				8CA071FF0714F273DCDD205A /* TranscriptionEngine.swift in Sources */,
				46BEFFB60AEA551FB9C70E36 /* VADProcessor.swift in Sources */,
			);
			runOnlyForDeploymentPostprocessing = 0;
		};
/* End PBXSourcesBuildPhase section */

/* Begin XCBuildConfiguration section */
		04C1CD20AA4D5DD0AE4C01EB /* Debug */ = {
			isa = XCBuildConfiguration;
			buildSettings = {
				ASSETCATALOG_COMPILER_APPICON_NAME = AppIcon;
				CODE_SIGN_ENTITLEMENTS = OpenFlow/OpenFlow.entitlements;
				CODE_SIGN_IDENTITY = "-";
				COMBINE_HIDPI_IMAGES = YES;
				CURRENT_PROJECT_VERSION = 1;
				ENABLE_APP_SANDBOX = NO;
				INFOPLIST_FILE = OpenFlow/Info.plist;
				LD_RUNPATH_SEARCH_PATHS = "$(inherited) @executable_path/../Frameworks";
				MACOSX_DEPLOYMENT_TARGET = 14.0;
				MARKETING_VERSION = 0.1.0;
				PRODUCT_BUNDLE_IDENTIFIER = com.openflow.app;
				PRODUCT_NAME = OpenFlow;
				SDKROOT = macosx;
				SWIFT_VERSION = 5.9;
			};
			name = Debug;
		};
		78F26285A70EBFF8CC23C380 /* Release */ = {
			isa = XCBuildConfiguration;
			buildSettings = {
				ASSETCATALOG_COMPILER_APPICON_NAME = AppIcon;
				CODE_SIGN_ENTITLEMENTS = OpenFlow/OpenFlow.entitlements;
				CODE_SIGN_IDENTITY = "-";
				COMBINE_HIDPI_IMAGES = YES;
				CURRENT_PROJECT_VERSION = 1;
				ENABLE_APP_SANDBOX = NO;
				INFOPLIST_FILE = OpenFlow/Info.plist;
				LD_RUNPATH_SEARCH_PATHS = "$(inherited) @executable_path/../Frameworks";
				MACOSX_DEPLOYMENT_TARGET = 14.0;
				MARKETING_VERSION = 0.1.0;
				PRODUCT_BUNDLE_IDENTIFIER = com.openflow.app;
				PRODUCT_NAME = OpenFlow;
				SDKROOT = macosx;
				SWIFT_VERSION = 5.9;
			};
			name = Release;
		};
		ADAD20A70740EE4B10445CC6 /* Release */ = {
			isa = XCBuildConfiguration;
			buildSettings = {
				ALWAYS_SEARCH_USER_PATHS = NO;
				CLANG_ANALYZER_NONNULL = YES;
				CLANG_ANALYZER_NUMBER_OBJECT_CONVERSION = YES_AGGRESSIVE;
				CLANG_CXX_LANGUAGE_STANDARD = "gnu++14";
				CLANG_CXX_LIBRARY = "libc++";
				CLANG_ENABLE_MODULES = YES;
				CLANG_ENABLE_OBJC_ARC = YES;
				CLANG_ENABLE_OBJC_WEAK = YES;
				CLANG_WARN_BLOCK_CAPTURE_AUTORELEASING = YES;
				CLANG_WARN_BOOL_CONVERSION = YES;
				CLANG_WARN_COMMA = YES;
				CLANG_WARN_CONSTANT_CONVERSION = YES;
				CLANG_WARN_DEPRECATED_OBJC_IMPLEMENTATIONS = YES;
				CLANG_WARN_DIRECT_OBJC_ISA_USAGE = YES_ERROR;
				CLANG_WARN_DOCUMENTATION_COMMENTS = YES;
				CLANG_WARN_EMPTY_BODY = YES;
				CLANG_WARN_ENUM_CONVERSION = YES;
				CLANG_WARN_INFINITE_RECURSION = YES;
				CLANG_WARN_INT_CONVERSION = YES;
				CLANG_WARN_NON_LITERAL_NULL_CONVERSION = YES;
				CLANG_WARN_OBJC_IMPLICIT_RETAIN_SELF = YES;
				CLANG_WARN_OBJC_LITERAL_CONVERSION = YES;
				CLANG_WARN_OBJC_ROOT_CLASS = YES_ERROR;
				CLANG_WARN_QUOTED_INCLUDE_IN_FRAMEWORK_HEADER = YES;
				CLANG_WARN_RANGE_LOOP_ANALYSIS = YES;
				CLANG_WARN_STRICT_PROTOTYPES = YES;
				CLANG_WARN_SUSPICIOUS_MOVE = YES;
				CLANG_WARN_UNGUARDED_AVAILABILITY = YES_AGGRESSIVE;
				CLANG_WARN_UNREACHABLE_CODE = YES;
				CLANG_WARN__DUPLICATE_METHOD_MATCH = YES;
				COPY_PHASE_STRIP = NO;
				DEBUG_INFORMATION_FORMAT = "dwarf-with-dsym";
				ENABLE_NS_ASSERTIONS = NO;
				ENABLE_STRICT_OBJC_MSGSEND = YES;
				GCC_C_LANGUAGE_STANDARD = gnu11;
				GCC_NO_COMMON_BLOCKS = YES;
				GCC_WARN_64_TO_32_BIT_CONVERSION = YES;
				GCC_WARN_ABOUT_RETURN_TYPE = YES_ERROR;
				GCC_WARN_UNDECLARED_SELECTOR = YES;
				GCC_WARN_UNINITIALIZED_AUTOS = YES_AGGRESSIVE;
				GCC_WARN_UNUSED_FUNCTION = YES;
				GCC_WARN_UNUSED_VARIABLE = YES;
				MACOSX_DEPLOYMENT_TARGET = 14.0;
				MTL_ENABLE_DEBUG_INFO = NO;
				MTL_FAST_MATH = YES;
				PRODUCT_NAME = "$(TARGET_NAME)";
				SDKROOT = macosx;
				SWIFT_COMPILATION_MODE = wholemodule;
				SWIFT_OPTIMIZATION_LEVEL = "-O";
				SWIFT_VERSION = 5.0;
			};
			name = Release;
		};
		C7D1C15C2B16E1F7C3FCE15A /* Debug */ = {
			isa = XCBuildConfiguration;
			buildSettings = {
				ALWAYS_SEARCH_USER_PATHS = NO;
				CLANG_ANALYZER_NONNULL = YES;
				CLANG_ANALYZER_NUMBER_OBJECT_CONVERSION = YES_AGGRESSIVE;
				CLANG_CXX_LANGUAGE_STANDARD = "gnu++14";
				CLANG_CXX_LIBRARY = "libc++";
				CLANG_ENABLE_MODULES = YES;
				CLANG_ENABLE_OBJC_ARC = YES;
				CLANG_ENABLE_OBJC_WEAK = YES;
				CLANG_WARN_BLOCK_CAPTURE_AUTORELEASING = YES;
				CLANG_WARN_BOOL_CONVERSION = YES;
				CLANG_WARN_COMMA = YES;
				CLANG_WARN_CONSTANT_CONVERSION = YES;
				CLANG_WARN_DEPRECATED_OBJC_IMPLEMENTATIONS = YES;
				CLANG_WARN_DIRECT_OBJC_ISA_USAGE = YES_ERROR;
				CLANG_WARN_DOCUMENTATION_COMMENTS = YES;
				CLANG_WARN_EMPTY_BODY = YES;
				CLANG_WARN_ENUM_CONVERSION = YES;
				CLANG_WARN_INFINITE_RECURSION = YES;
				CLANG_WARN_INT_CONVERSION = YES;
				CLANG_WARN_NON_LITERAL_NULL_CONVERSION = YES;
				CLANG_WARN_OBJC_IMPLICIT_RETAIN_SELF = YES;
				CLANG_WARN_OBJC_LITERAL_CONVERSION = YES;
				CLANG_WARN_OBJC_ROOT_CLASS = YES_ERROR;
				CLANG_WARN_QUOTED_INCLUDE_IN_FRAMEWORK_HEADER = YES;
				CLANG_WARN_RANGE_LOOP_ANALYSIS = YES;
				CLANG_WARN_STRICT_PROTOTYPES = YES;
				CLANG_WARN_SUSPICIOUS_MOVE = YES;
				CLANG_WARN_UNGUARDED_AVAILABILITY = YES_AGGRESSIVE;
				CLANG_WARN_UNREACHABLE_CODE = YES;
				CLANG_WARN__DUPLICATE_METHOD_MATCH = YES;
				COPY_PHASE_STRIP = NO;
				DEBUG_INFORMATION_FORMAT = dwarf;
				ENABLE_STRICT_OBJC_MSGSEND = YES;
				ENABLE_TESTABILITY = YES;
				GCC_C_LANGUAGE_STANDARD = gnu11;
				GCC_DYNAMIC_NO_PIC = NO;
				GCC_NO_COMMON_BLOCKS = YES;
				GCC_OPTIMIZATION_LEVEL = 0;
				GCC_PREPROCESSOR_DEFINITIONS = (
					"$(inherited)",
					"DEBUG=1",
				);
				GCC_WARN_64_TO_32_BIT_CONVERSION = YES;
				GCC_WARN_ABOUT_RETURN_TYPE = YES_ERROR;
				GCC_WARN_UNDECLARED_SELECTOR = YES;
				GCC_WARN_UNINITIALIZED_AUTOS = YES_AGGRESSIVE;
				GCC_WARN_UNUSED_FUNCTION = YES;
				GCC_WARN_UNUSED_VARIABLE = YES;
				MACOSX_DEPLOYMENT_TARGET = 14.0;
				MTL_ENABLE_DEBUG_INFO = INCLUDE_SOURCE;
				MTL_FAST_MATH = YES;
				ONLY_ACTIVE_ARCH = YES;
				PRODUCT_NAME = "$(TARGET_NAME)";
				SDKROOT = macosx;
				SWIFT_ACTIVE_COMPILATION_CONDITIONS = DEBUG;
				SWIFT_OPTIMIZATION_LEVEL = "-Onone";
				SWIFT_VERSION = 5.0;
			};
			name = Debug;
		};
/* End XCBuildConfiguration section */

/* Begin XCConfigurationList section */
		7E4DD48FFFE0A55A01AE9D29 /* Build configuration list for PBXProject "OpenFlow" */ = {
			isa = XCConfigurationList;
			buildConfigurations = (
				C7D1C15C2B16E1F7C3FCE15A /* Debug */,
				ADAD20A70740EE4B10445CC6 /* Release */,
			);
			defaultConfigurationIsVisible = 0;
			defaultConfigurationName = Debug;
		};
		9B1423A7C6FA498F7DBB1104 /* Build configuration list for PBXNativeTarget "OpenFlow" */ = {
			isa = XCConfigurationList;
			buildConfigurations = (
				04C1CD20AA4D5DD0AE4C01EB /* Debug */,
				78F26285A70EBFF8CC23C380 /* Release */,
			);
			defaultConfigurationIsVisible = 0;
			defaultConfigurationName = Debug;
		};
/* End XCConfigurationList section */

/* Begin XCRemoteSwiftPackageReference section */
		589F3156C4F8AD7C7268C40E /* XCRemoteSwiftPackageReference "WhisperKit" */ = {
			isa = XCRemoteSwiftPackageReference;
			repositoryURL = "https://github.com/argmaxinc/WhisperKit.git";
			requirement = {
				kind = upToNextMajorVersion;
				minimumVersion = 0.18.0;
			};
		};
/* End XCRemoteSwiftPackageReference section */

/* Begin XCSwiftPackageProductDependency section */
		4B5CC41B9F7B732B1B6F9EB7 /* WhisperKit */ = {
			isa = XCSwiftPackageProductDependency;
			package = 589F3156C4F8AD7C7268C40E /* XCRemoteSwiftPackageReference "WhisperKit" */;
			productName = WhisperKit;
		};
/* End XCSwiftPackageProductDependency section */
	};
	rootObject = 87FC373B88D5B2CA510C9BF5 /* Project object */;
}
